Microsoft Visual Studio Solution File, Format Version 12.00
# Visual Studio Version 17
VisualStudioVersion = 17.5.2.0
MinimumVisualStudioVersion = 10.0.40219.1
Project("{FAE04EC0-301F-11D3-BF4B-00C04F79EFBC}") = "LittleBot", "LittleBot.csproj", "{CF88238E-F0E3-1E5E-CFBB-EACBED2D9E9B}"
EndProject
Global
	GlobalSection(SolutionConfigurationPlatforms) = preSolution
		Debug|Any CPU = Debug|Any CPU
		Release|Any CPU = Release|Any CPU
	EndGlobalSection
	GlobalSection(ProjectConfigurationPlatforms) = postSolution
		{CF88238E-F0E3-1E5E-CFBB-EACBED2D9E9B}.Debug|Any CPU.ActiveCfg = Debug|Any CPU
		{CF88238E-F0E3-1E5E-CFBB-EACBED2D9E9B}.Debug|Any CPU.Build.0 = Debug|Any CPU
		{CF88238E-F0E3-1E5E-CFBB-EACBED2D9E9B}.Release|Any CPU.ActiveCfg = Release|Any CPU
		{CF88238E-F0E3-1E5E-CFBB-EACBED2D9E9B}.Release|Any CPU.Build.0 = Release|Any CPU
	EndGlobalSection
	GlobalSection(SolutionProperties) = preSolution
		HideSolutionNode = FALSE
	EndGlobalSection
	GlobalSection(ExtensibilityGlobals) = postSolution
		SolutionGuid = {0BE6F59B-EC42-4EF7-AF1A-09AAD1510420}
	EndGlobalSection
EndGlobal
